// !$*UTF8*$!
{
	archiveVersion = 1;
	classes = {
	};
	objectVersion = 77;
	objects = {

/* Begin PBXContainerItemProxy section */
		A0E0FB782E592BE8000AD1D8 /* PBXContainerItemProxy */ = {
			isa = PBXContainerItemProxy;
			containerPortal = A0E0FB602E592BE7000AD1D8 /* Project object */;
			proxyType = 1;
			remoteGlobalIDString = A0E0FB672E592BE7000AD1D8;
			remoteInfo = "ssh-chat";
		};
		A0E0FB822E592BE8000AD1D8 /* PBXContainerItemProxy */ = {
			isa = PBXContainerItemProxy;
			containerPortal = A0E0FB602E592BE7000AD1D8 /* Project object */;
			proxyType = 1;
			remoteGlobalIDString = A0E0FB672E592BE7000AD1D8;
			remoteInfo = "ssh-chat";
		};
/* End PBXContainerItemProxy section */

/* Begin PBXFileReference section */
		A0E0FB682E592BE7000AD1D8 /* ssh-chat.app */ = {isa = PBXFileReference; explicitFileType = wrapper.application; includeInIndex = 0; path = "ssh-chat.app"; sourceTree = BUILT_PRODUCTS_DIR; };
		A0E0FB772E592BE8000AD1D8 /* ssh-chatTests.xctest */ = {isa = PBXFileReference; explicitFileType = wrapper.cfbundle; includeInIndex = 0; path = "ssh-chatTests.xctest"; sourceTree = BUILT_PRODUCTS_DIR; };
		A0E0FB812E592BE8000AD1D8 /* ssh-chatUITests.xctest */ = {isa = PBXFileReference; explicitFileType = wrapper.cfbundle; includeInIndex = 0; path = "ssh-chatUITests.xctest"; sourceTree = BUILT_PRODUCTS_DIR; };
/* End PBXFileReference section */

/* Begin PBXFileSystemSynchronizedRootGroup section */
		A0E0FB6A2E592BE7000AD1D8 /* ssh-chat */ = {
			isa = PBXFileSystemSynchronizedRootGroup;
			path = "ssh-chat";
			sourceTree = "<group>";
		};
		A0E0FB7A2E592BE8000AD1D8 /* ssh-chatTests */ = {
			isa = PBXFileSystemSynchronizedRootGroup;
			path = "ssh-chatTests";
			sourceTree = "<group>";
		};
		A0E0FB842E592BE8000AD1D8 /* ssh-chatUITests */ = {
			isa = PBXFileSystemSynchronizedRootGroup;
			path = "ssh-chatUITests";
			sourceTree = "<group>";
		};
/* End PBXFileSystemSynchronizedRootGroup section */

/* Begin PBXFrameworksBuildPhase section */
		A0E0FB652E592BE7000AD1D8 /* Frameworks */ = {
			isa = PBXFrameworksBuildPhase;
			buildActionMask = 2147483647;
			files = (
			);
			runOnlyForDeploymentPostprocessing = 0;
		};
		A0E0FB742E592BE8000AD1D8 /* Frameworks */ = {
			isa = PBXFrameworksBuildPhase;
			buildActionMask = 2147483647;
			files = (
			);
			runOnlyForDeploymentPostprocessing = 0;
		};
		A0E0FB7E2E592BE8000AD1D8 /* Frameworks */ = {
			isa = PBXFrameworksBuildPhase;
			buildActionMask = 2147483647;
			files = (
			);
			runOnlyForDeploymentPostprocessing = 0;
		};
/* End PBXFrameworksBuildPhase section */

/* Begin PBXGroup section */
		A0E0FB5F2E592BE7000AD1D8 = {
			isa = PBXGroup;
			children = (
				A0E0FB6A2E592BE7000AD1D8 /* ssh-chat */,
				A0E0FB7A2E592BE8000AD1D8 /* ssh-chatTests */,
				A0E0FB842E592BE8000AD1D8 /* ssh-chatUITests */,
				A0E0FB692E592BE7000AD1D8 /* Products */,
			);
			sourceTree = "<group>";
		};
		A0E0FB692E592BE7000AD1D8 /* Products */ = {
			isa = PBXGroup;
			children = (
				A0E0FB682E592BE7000AD1D8 /* ssh-chat.app */,
				A0E0FB772E592BE8000AD1D8 /* ssh-chatTests.xctest */,
				A0E0FB812E592BE8000AD1D8 /* ssh-chatUITests.xctest */,
			);
			name = Products;
			sourceTree = "<group>";
		};
/* End PBXGroup section */

/* Begin PBXNativeTarget section */
		A0E0FB672E592BE7000AD1D8 /* ssh-chat */ = {
			isa = PBXNativeTarget;
			buildConfigurationList = A0E0FB8B2E592BE8000AD1D8 /* Build configuration list for PBXNativeTarget "ssh-chat" */;
			buildPhases = (
				A0E0FB642E592BE7000AD1D8 /* Sources */,
				A0E0FB652E592BE7000AD1D8 /* Frameworks */,
				A0E0FB662E592BE7000AD1D8 /* Resources */,
			);
			buildRules = (
			);
			dependencies = (
			);
			fileSystemSynchronizedGroups = (
				A0E0FB6A2E592BE7000AD1D8 /* ssh-chat */,
			);
			name = "ssh-chat";
			packageProductDependencies = (
			);
			productName = "ssh-chat";
			productReference = A0E0FB682E592BE7000AD1D8 /* ssh-chat.app */;
			productType = "com.apple.product-type.application";
		};
		A0E0FB762E592BE8000AD1D8 /* ssh-chatTests */ = {
			isa = PBXNativeTarget;
			buildConfigurationList = A0E0FB8E2E592BE8000AD1D8 /* Build configuration list for PBXNativeTarget "ssh-chatTests" */;
			buildPhases = (
				A0E0FB732E592BE8000AD1D8 /* Sources */,
				A0E0FB742E592BE8000AD1D8 /* Frameworks */,
				A0E0FB752E592BE8000AD1D8 /* Resources */,
			);
			buildRules = (
			);
			dependencies = (
				A0E0FB792E592BE8000AD1D8 /* PBXTargetDependency */,
			);
			fileSystemSynchronizedGroups = (
				A0E0FB7A2E592BE8000AD1D8 /* ssh-chatTests */,
			);
			name = "ssh-chatTests";
			packageProductDependencies = (
			);
			productName = "ssh-chatTests";
			productReference = A0E0FB772E592BE8000AD1D8 /* ssh-chatTests.xctest */;
			productType = "com.apple.product-type.bundle.unit-test";
		};
		A0E0FB802E592BE8000AD1D8 /* ssh-chatUITests */ = {
			isa = PBXNativeTarget;
			buildConfigurationList = A0E0FB912E592BE8000AD1D8 /* Build configuration list for PBXNativeTarget "ssh-chatUITests" */;
			buildPhases = (
				A0E0FB7D2E592BE8000AD1D8 /* Sources */,
				A0E0FB7E2E592BE8000AD1D8 /* Frameworks */,
				A0E0FB7F2E592BE8000AD1D8 /* Resources */,
			);
			buildRules = (
			);
			dependencies = (
				A0E0FB832E592BE8000AD1D8 /* PBXTargetDependency */,
			);
			fileSystemSynchronizedGroups = (
				A0E0FB842E592BE8000AD1D8 /* ssh-chatUITests */,
			);
			name = "ssh-chatUITests";
			packageProductDependencies = (
			);
			productName = "ssh-chatUITests";
			productReference = A0E0FB812E592BE8000AD1D8 /* ssh-chatUITests.xctest */;
			productType = "com.apple.product-type.bundle.ui-testing";
		};
/* End PBXNativeTarget section */

/* Begin PBXProject section */
		A0E0FB602E592BE7000AD1D8 /* Project object */ = {
			isa = PBXProject;
			attributes = {
				BuildIndependentTargetsInParallel = 1;
				LastSwiftUpdateCheck = 1640;
				LastUpgradeCheck = 1640;
				TargetAttributes = {
					A0E0FB672E592BE7000AD1D8 = {
						CreatedOnToolsVersion = 16.4;
					};
					A0E0FB762E592BE8000AD1D8 = {
						CreatedOnToolsVersion = 16.4;
						TestTargetID = A0E0FB672E592BE7000AD1D8;
					};
					A0E0FB802E592BE8000AD1D8 = {
						CreatedOnToolsVersion = 16.4;
						TestTargetID = A0E0FB672E592BE7000AD1D8;
					};
				};
			};
			buildConfigurationList = A0E0FB632E592BE7000AD1D8 /* Build configuration list for PBXProject "ssh-chat" */;
			developmentRegion = en;
			hasScannedForEncodings = 0;
			knownRegions = (
				en,
				Base,
			);
			mainGroup = A0E0FB5F2E592BE7000AD1D8;
			minimizedProjectReferenceProxies = 1;
			preferredProjectObjectVersion = 77;
			productRefGroup = A0E0FB692E592BE7000AD1D8 /* Products */;
			projectDirPath = "";
			projectRoot = "";
			targets = (
				A0E0FB672E592BE7000AD1D8 /* ssh-chat */,
				A0E0FB762E592BE8000AD1D8 /* ssh-chatTests */,
				A0E0FB802E592BE8000AD1D8 /* ssh-chatUITests */,
			);
		};
/* End PBXProject section */

/* Begin PBXResourcesBuildPhase section */
		A0E0FB662E592BE7000AD1D8 /* Resources */ = {
			isa = PBXResourcesBuildPhase;
			buildActionMask = 2147483647;
			files = (
			);
			runOnlyForDeploymentPostprocessing = 0;
		};
		A0E0FB752E592BE8000AD1D8 /* Resources */ = {
			isa = PBXResourcesBuildPhase;
			buildActionMask = 2147483647;
			files = (
			);
			runOnlyForDeploymentPostprocessing = 0;
		};
		A0E0FB7F2E592BE8000AD1D8 /* Resources */ = {
			isa = PBXResourcesBuildPhase;
			buildActionMask = 2147483647;
			files = (
			);
			runOnlyForDeploymentPostprocessing = 0;
		};
/* End PBXResourcesBuildPhase section */

/* Begin PBXSourcesBuildPhase section */
		A0E0FB642E592BE7000AD1D8 /* Sources */ = {
			isa = PBXSourcesBuildPhase;
			buildActionMask = 2147483647;
			files = (
			);
			runOnlyForDeploymentPostprocessing = 0;
		};
		A0E0FB732E592BE8000AD1D8 /* Sources */ = {
			isa = PBXSourcesBuildPhase;
			buildActionMask = 2147483647;
			files = (
			);
			runOnlyForDeploymentPostprocessing = 0;
		};
		A0E0FB7D2E592BE8000AD1D8 /* Sources */ = {
			isa = PBXSourcesBuildPhase;
			buildActionMask = 2147483647;
			files = (
			);
			runOnlyForDeploymentPostprocessing = 0;
		};
/* End PBXSourcesBuildPhase section */

/* Begin PBXTargetDependency section */
		A0E0FB792E592BE8000AD1D8 /* PBXTargetDependency */ = {
			isa = PBXTargetDependency;
			target = A0E0FB672E592BE7000AD1D8 /* ssh-chat */;
			targetProxy = A0E0FB782E592BE8000AD1D8 /* PBXContainerItemProxy */;
		};
		A0E0FB832E592BE8000AD1D8 /* PBXTargetDependency */ = {
			isa = PBXTargetDependency;
			target = A0E0FB672E592BE7000AD1D8 /* ssh-chat */;
			targetProxy = A0E0FB822E592BE8000AD1D8 /* PBXContainerItemProxy */;
		};
/* End PBXTargetDependency section */

/* Begin XCBuildConfiguration section */
		A0E0FB892E592BE8000AD1D8 /* Debug */ = {
			isa = XCBuildConfiguration;
			buildSettings = {
				ALWAYS_SEARCH_USER_PATHS = NO;
				ASSETCATALOG_COMPILER_GENERATE_SWIFT_ASSET_SYMBOL_EXTENSIONS = YES;
				CLANG_ANALYZER_NONNULL = YES;
				CLANG_ANALYZER_NUMBER_OBJECT_CONVERSION = YES_AGGRESSIVE;
				CLANG_CXX_LANGUAGE_STANDARD = "gnu++20";
				CLANG_ENABLE_MODULES = YES;
				CLANG_ENABLE_OBJC_ARC = YES;
				CLANG_ENABLE_OBJC_WEAK = YES;
				CLANG_WARN_BLOCK_CAPTURE_AUTORELEASING = YES;
				CLANG_WARN_BOOL_CONVERSION = YES;
				CLANG_WARN_COMMA = YES;
				CLANG_WARN_CONSTANT_CONVERSION = YES;
				CLANG_WARN_DEPRECATED_OBJC_IMPLEMENTATIONS = YES;
				CLANG_WARN_DIRECT_OBJC_ISA_USAGE = YES_ERROR;
				CLANG_WARN_DOCUMENTATION_COMMENTS = YES;
				CLANG_WARN_EMPTY_BODY = YES;
				CLANG_WARN_ENUM_CONVERSION = YES;
				CLANG_WARN_INFINITE_RECURSION = YES;
				CLANG_WARN_INT_CONVERSION = YES;
				CLANG_WARN_NON_LITERAL_NULL_CONVERSION = YES;
				CLANG_WARN_OBJC_IMPLICIT_RETAIN_SELF = YES;
				CLANG_WARN_OBJC_LITERAL_CONVERSION = YES;
				CLANG_WARN_OBJC_ROOT_CLASS = YES_ERROR;
				CLANG_WARN_QUOTED_INCLUDE_IN_FRAMEWORK_HEADER = YES;
				CLANG_WARN_RANGE_LOOP_ANALYSIS = YES;
				CLANG_WARN_STRICT_PROTOTYPES = YES;
				CLANG_WARN_SUSPICIOUS_MOVE = YES;
				CLANG_WARN_UNGUARDED_AVAILABILITY = YES_AGGRESSIVE;
				CLANG_WARN_UNREACHABLE_CODE = YES;
				CLANG_WARN__DUPLICATE_METHOD_MATCH = YES;
				COPY_PHASE_STRIP = NO;
				DEBUG_INFORMATION_FORMAT = dwarf;
				DEVELOPMENT_TEAM = MQCV2QTVX4;
				ENABLE_STRICT_OBJC_MSGSEND = YES;
				ENABLE_TESTABILITY = YES;
				ENABLE_USER_SCRIPT_SANDBOXING = YES;
				GCC_C_LANGUAGE_STANDARD = gnu17;
				GCC_DYNAMIC_NO_PIC = NO;
				GCC_NO_COMMON_BLOCKS = YES;
				GCC_OPTIMIZATION_LEVEL = 0;
				GCC_PREPROCESSOR_DEFINITIONS = (
					"DEBUG=1",
					"$(inherited)",
				);
				GCC_WARN_64_TO_32_BIT_CONVERSION = YES;
				GCC_WARN_ABOUT_RETURN_TYPE = YES_ERROR;
				GCC_WARN_UNDECLARED_SELECTOR = YES;
				GCC_WARN_UNINITIALIZED_AUTOS = YES_AGGRESSIVE;
				GCC_WARN_UNUSED_FUNCTION = YES;
				GCC_WARN_UNUSED_VARIABLE = YES;
				IPHONEOS_DEPLOYMENT_TARGET = 18.5;
				LOCALIZATION_PREFERS_STRING_CATALOGS = YES;
				MTL_ENABLE_DEBUG_INFO = INCLUDE_SOURCE;
				MTL_FAST_MATH = YES;
				ONLY_ACTIVE_ARCH = YES;
				SDKROOT = iphoneos;
				SWIFT_ACTIVE_COMPILATION_CONDITIONS = "DEBUG $(inherited)";
				SWIFT_OPTIMIZATION_LEVEL = "-Onone";
			};
			name = Debug;
		};
		A0E0FB8A2E592BE8000AD1D8 /* Release */ = {
			isa = XCBuildConfiguration;
			buildSettings = {
				ALWAYS_SEARCH_USER_PATHS = NO;
				ASSETCATALOG_COMPILER_GENERATE_SWIFT_ASSET_SYMBOL_EXTENSIONS = YES;
				CLANG_ANALYZER_NONNULL = YES;
				CLANG_ANALYZER_NUMBER_OBJECT_CONVERSION = YES_AGGRESSIVE;
				CLANG_CXX_LANGUAGE_STANDARD = "gnu++20";
				CLANG_ENABLE_MODULES = YES;
				CLANG_ENABLE_OBJC_ARC = YES;
				CLANG_ENABLE_OBJC_WEAK = YES;
				CLANG_WARN_BLOCK_CAPTURE_AUTORELEASING = YES;
				CLANG_WARN_BOOL_CONVERSION = YES;
				CLANG_WARN_COMMA = YES;
				CLANG_WARN_CONSTANT_CONVERSION = YES;
				CLANG_WARN_DEPRECATED_OBJC_IMPLEMENTATIONS = YES;
				CLANG_WARN_DIRECT_OBJC_ISA_USAGE = YES_ERROR;
				CLANG_WARN_DOCUMENTATION_COMMENTS = YES;
				CLANG_WARN_EMPTY_BODY = YES;
				CLANG_WARN_ENUM_CONVERSION = YES;
				CLANG_WARN_INFINITE_RECURSION = YES;
				CLANG_WARN_INT_CONVERSION = YES;
				CLANG_WARN_NON_LITERAL_NULL_CONVERSION = YES;
				CLANG_WARN_OBJC_IMPLICIT_RETAIN_SELF = YES;
				CLANG_WARN_OBJC_LITERAL_CONVERSION = YES;
				CLANG_WARN_OBJC_ROOT_CLASS = YES_ERROR;
				CLANG_WARN_QUOTED_INCLUDE_IN_FRAMEWORK_HEADER = YES;
				CLANG_WARN_RANGE_LOOP_ANALYSIS = YES;
				CLANG_WARN_STRICT_PROTOTYPES = YES;
				CLANG_WARN_SUSPICIOUS_MOVE = YES;
				CLANG_WARN_UNGUARDED_AVAILABILITY = YES_AGGRESSIVE;
				CLANG_WARN_UNREACHABLE_CODE = YES;
				CLANG_WARN__DUPLICATE_METHOD_MATCH = YES;
				COPY_PHASE_STRIP = NO;
				DEBUG_INFORMATION_FORMAT = "dwarf-with-dsym";
				DEVELOPMENT_TEAM = MQCV2QTVX4;
				ENABLE_NS_ASSERTIONS = NO;
				ENABLE_STRICT_OBJC_MSGSEND = YES;
				ENABLE_USER_SCRIPT_SANDBOXING = YES;
				GCC_C_LANGUAGE_STANDARD = gnu17;
				GCC_NO_COMMON_BLOCKS = YES;
				GCC_WARN_64_TO_32_BIT_CONVERSION = YES;
				GCC_WARN_ABOUT_RETURN_TYPE = YES_ERROR;
				GCC_WARN_UNDECLARED_SELECTOR = YES;
				GCC_WARN_UNINITIALIZED_AUTOS = YES_AGGRESSIVE;
				GCC_WARN_UNUSED_FUNCTION = YES;
				GCC_WARN_UNUSED_VARIABLE = YES;
				IPHONEOS_DEPLOYMENT_TARGET = 18.5;
				LOCALIZATION_PREFERS_STRING_CATALOGS = YES;
				MTL_ENABLE_DEBUG_INFO = NO;
				MTL_FAST_MATH = YES;
				SDKROOT = iphoneos;
				SWIFT_COMPILATION_MODE = wholemodule;
				VALIDATE_PRODUCT = YES;
			};
			name = Release;
		};
		A0E0FB8C2E592BE8000AD1D8 /* Debug */ = {
			isa = XCBuildConfiguration;
			buildSettings = {
				ASSETCATALOG_COMPILER_APPICON_NAME = AppIcon;
				ASSETCATALOG_COMPILER_GLOBAL_ACCENT_COLOR_NAME = AccentColor;
				CODE_SIGN_STYLE = Automatic;
				CURRENT_PROJECT_VERSION = 1;
				DEVELOPMENT_TEAM = MQCV2QTVX4;
				ENABLE_PREVIEWS = YES;
				GENERATE_INFOPLIST_FILE = YES;
				INFOPLIST_KEY_UIApplicationSceneManifest_Generation = YES;
				INFOPLIST_KEY_UIApplicationSupportsIndirectInputEvents = YES;
				INFOPLIST_KEY_UILaunchScreen_Generation = YES;
				INFOPLIST_KEY_UISupportedInterfaceOrientations_iPad = "UIInterfaceOrientationPortrait UIInterfaceOrientationPortraitUpsideDown UIInterfaceOrientationLandscapeLeft UIInterfaceOrientationLandscapeRight";
				INFOPLIST_KEY_UISupportedInterfaceOrientations_iPhone = "UIInterfaceOrientationPortrait UIInterfaceOrientationLandscapeLeft UIInterfaceOrientationLandscapeRight";
				LD_RUNPATH_SEARCH_PATHS = (
					"$(inherited)",
					"@executable_path/Frameworks",
				);
				MARKETING_VERSION = 1.0;
				PRODUCT_BUNDLE_IDENTIFIER = "samuelatagana.ssh-chat";
				PRODUCT_NAME = "$(TARGET_NAME)";
				SWIFT_EMIT_LOC_STRINGS = YES;
				SWIFT_VERSION = 5.0;
				TARGETED_DEVICE_FAMILY = "1,2";
			};
			name = Debug;
		};
		A0E0FB8D2E592BE8000AD1D8 /* Release */ = {
			isa = XCBuildConfiguration;
			buildSettings = {
				ASSETCATALOG_COMPILER_APPICON_NAME = AppIcon;
				ASSETCATALOG_COMPILER_GLOBAL_ACCENT_COLOR_NAME = AccentColor;
				CODE_SIGN_STYLE = Automatic;
				CURRENT_PROJECT_VERSION = 1;
				DEVELOPMENT_TEAM = MQCV2QTVX4;
				ENABLE_PREVIEWS = YES;
				GENERATE_INFOPLIST_FILE = YES;
				INFOPLIST_KEY_UIApplicationSceneManifest_Generation = YES;
				INFOPLIST_KEY_UIApplicationSupportsIndirectInputEvents = YES;
				INFOPLIST_KEY_UILaunchScreen_Generation = YES;
				INFOPLIST_KEY_UISupportedInterfaceOrientations_iPad = "UIInterfaceOrientationPortrait UIInterfaceOrientationPortraitUpsideDown UIInterfaceOrientationLandscapeLeft UIInterfaceOrientationLandscapeRight";
				INFOPLIST_KEY_UISupportedInterfaceOrientations_iPhone = "UIInterfaceOrientationPortrait UIInterfaceOrientationLandscapeLeft UIInterfaceOrientationLandscapeRight";
				LD_RUNPATH_SEARCH_PATHS = (
					"$(inherited)",
					"@executable_path/Frameworks",
				);
				MARKETING_VERSION = 1.0;
				PRODUCT_BUNDLE_IDENTIFIER = "samuelatagana.ssh-chat";
				PRODUCT_NAME = "$(TARGET_NAME)";
				SWIFT_EMIT_LOC_STRINGS = YES;
				SWIFT_VERSION = 5.0;
				TARGETED_DEVICE_FAMILY = "1,2";
			};
			name = Release;
		};
		A0E0FB8F2E592BE8000AD1D8 /* Debug */ = {
			isa = XCBuildConfiguration;
			buildSettings = {
				BUNDLE_LOADER = "$(TEST_HOST)";
				CODE_SIGN_STYLE = Automatic;
				CURRENT_PROJECT_VERSION = 1;
				DEVELOPMENT_TEAM = MQCV2QTVX4;
				GENERATE_INFOPLIST_FILE = YES;
				IPHONEOS_DEPLOYMENT_TARGET = 18.5;
				MARKETING_VERSION = 1.0;
				PRODUCT_BUNDLE_IDENTIFIER = "samuelatagana.ssh-chatTests";
				PRODUCT_NAME = "$(TARGET_NAME)";
				SWIFT_EMIT_LOC_STRINGS = NO;
				SWIFT_VERSION = 5.0;
				TARGETED_DEVICE_FAMILY = "1,2";
				TEST_HOST = "$(BUILT_PRODUCTS_DIR)/ssh-chat.app/$(BUNDLE_EXECUTABLE_FOLDER_PATH)/ssh-chat";
			};
			name = Debug;
		};
		A0E0FB902E592BE8000AD1D8 /* Release */ = {
			isa = XCBuildConfiguration;
			buildSettings = {
				BUNDLE_LOADER = "$(TEST_HOST)";
				CODE_SIGN_STYLE = Automatic;
				CURRENT_PROJECT_VERSION = 1;
				DEVELOPMENT_TEAM = MQCV2QTVX4;
				GENERATE_INFOPLIST_FILE = YES;
				IPHONEOS_DEPLOYMENT_TARGET = 18.5;
				MARKETING_VERSION = 1.0;
				PRODUCT_BUNDLE_IDENTIFIER = "samuelatagana.ssh-chatTests";
				PRODUCT_NAME = "$(TARGET_NAME)";
				SWIFT_EMIT_LOC_STRINGS = NO;
				SWIFT_VERSION = 5.0;
				TARGETED_DEVICE_FAMILY = "1,2";
				TEST_HOST = "$(BUILT_PRODUCTS_DIR)/ssh-chat.app/$(BUNDLE_EXECUTABLE_FOLDER_PATH)/ssh-chat";
			};
			name = Release;
		};
		A0E0FB922E592BE8000AD1D8 /* Debug */ = {
			isa = XCBuildConfiguration;
			buildSettings = {
				CODE_SIGN_STYLE = Automatic;
				CURRENT_PROJECT_VERSION = 1;
				DEVELOPMENT_TEAM = MQCV2QTVX4;
				GENERATE_INFOPLIST_FILE = YES;
				MARKETING_VERSION = 1.0;
				PRODUCT_BUNDLE_IDENTIFIER = "samuelatagana.ssh-chatUITests";
				PRODUCT_NAME = "$(TARGET_NAME)";
				SWIFT_EMIT_LOC_STRINGS = NO;
				SWIFT_VERSION = 5.0;
				TARGETED_DEVICE_FAMILY = "1,2";
				TEST_TARGET_NAME = "ssh-chat";
			};
			name = Debug;
		};
		A0E0FB932E592BE8000AD1D8 /* Release */ = {
			isa = XCBuildConfiguration;
			buildSettings = {
				CODE_SIGN_STYLE = Automatic;
				CURRENT_PROJECT_VERSION = 1;
				DEVELOPMENT_TEAM = MQCV2QTVX4;
				GENERATE_INFOPLIST_FILE = YES;
				MARKETING_VERSION = 1.0;
				PRODUCT_BUNDLE_IDENTIFIER = "samuelatagana.ssh-chatUITests";
				PRODUCT_NAME = "$(TARGET_NAME)";
				SWIFT_EMIT_LOC_STRINGS = NO;
				SWIFT_VERSION = 5.0;
				TARGETED_DEVICE_FAMILY = "1,2";
				TEST_TARGET_NAME = "ssh-chat";
			};
			name = Release;
		};
/* End XCBuildConfiguration section */

/* Begin XCConfigurationList section */
		A0E0FB632E592BE7000AD1D8 /* Build configuration list for PBXProject "ssh-chat" */ = {
			isa = XCConfigurationList;
			buildConfigurations = (
				A0E0FB892E592BE8000AD1D8 /* Debug */,
				A0E0FB8A2E592BE8000AD1D8 /* Release */,
			);
			defaultConfigurationIsVisible = 0;
			defaultConfigurationName = Release;
		};
		A0E0FB8B2E592BE8000AD1D8 /* Build configuration list for PBXNativeTarget "ssh-chat" */ = {
			isa = XCConfigurationList;
			buildConfigurations = (
				A0E0FB8C2E592BE8000AD1D8 /* Debug */,
				A0E0FB8D2E592BE8000AD1D8 /* Release */,
			);
			defaultConfigurationIsVisible = 0;
			defaultConfigurationName = Release;
		};
		A0E0FB8E2E592BE8000AD1D8 /* Build configuration list for PBXNativeTarget "ssh-chatTests" */ = {
			isa = XCConfigurationList;
			buildConfigurations = (
				A0E0FB8F2E592BE8000AD1D8 /* Debug */,
				A0E0FB902E592BE8000AD1D8 /* Release */,
			);
			defaultConfigurationIsVisible = 0;
			defaultConfigurationName = Release;
		};
		A0E0FB912E592BE8000AD1D8 /* Build configuration list for PBXNativeTarget "ssh-chatUITests" */ = {
			isa = XCConfigurationList;
			buildConfigurations = (
				A0E0FB922E592BE8000AD1D8 /* Debug */,
				A0E0FB932E592BE8000AD1D8 /* Release */,
			);
			defaultConfigurationIsVisible = 0;
			defaultConfigurationName = Release;
		};
/* End XCConfigurationList section */
	};
	rootObject = A0E0FB602E592BE7000AD1D8 /* Project object */;
}
